
Microsoft Visual Studio Solution File, Format Version 12.00
Project("{F2A71F9B-5D33-465A-A702-920D77279786}") = "Ejercicio3", "Ejercicio3\Ejercicio3.fsproj", "{9F278F58-58F7-4201-A453-80FE1AA4ADE5}"
EndProject
Global
	GlobalSection(SolutionConfigurationPlatforms) = preSolution
		Debug|Any CPU = Debug|Any CPU
		Release|Any CPU = Release|Any CPU
	EndGlobalSection
	GlobalSection(ProjectConfigurationPlatforms) = postSolution
		{9F278F58-58F7-4201-A453-80FE1AA4ADE5}.Debug|Any CPU.ActiveCfg = Debug|Any CPU
		{9F278F58-58F7-4201-A453-80FE1AA4ADE5}.Debug|Any CPU.Build.0 = Debug|Any CPU
		{9F278F58-58F7-4201-A453-80FE1AA4ADE5}.Release|Any CPU.ActiveCfg = Release|Any CPU
		{9F278F58-58F7-4201-A453-80FE1AA4ADE5}.Release|Any CPU.Build.0 = Release|Any CPU
	EndGlobalSection
EndGlobal
